
Microsoft Visual Studio Solution File, Format Version 12.00
# Visual Studio Version 16
VisualStudioVersion = 16.0.31129.286
MinimumVisualStudioVersion = 10.0.40219.1
Project("{FAE04EC0-301F-11D3-BF4B-00C04F79EFBC}") = "Exercises", "Exercises\Exercises.csproj", "{AD3AD0A9-7E41-4419-AAC6-A2CC154DB06D}"
EndProject
Global
	GlobalSection(SolutionConfigurationPlatforms) = preSolution
		Debug|Any CPU = Debug|Any CPU
		Release|Any CPU = Release|Any CPU
	EndGlobalSection
	GlobalSection(ProjectConfigurationPlatforms) = postSolution
		{AD3AD0A9-7E41-4419-AAC6-A2CC154DB06D}.Debug|Any CPU.ActiveCfg = Debug|Any CPU
		{AD3AD0A9-7E41-4419-AAC6-A2CC154DB06D}.Debug|Any CPU.Build.0 = Debug|Any CPU
		{AD3AD0A9-7E41-4419-AAC6-A2CC154DB06D}.Release|Any CPU.ActiveCfg = Release|Any CPU
		{AD3AD0A9-7E41-4419-AAC6-A2CC154DB06D}.Release|Any CPU.Build.0 = Release|Any CPU
	EndGlobalSection
	GlobalSection(SolutionProperties) = preSolution
		HideSolutionNode = FALSE
	EndGlobalSection
	GlobalSection(ExtensibilityGlobals) = postSolution
		SolutionGuid = {8E50C08B-D90F-4A45-9F2D-989741BEE515}
	EndGlobalSection
EndGlobal
